Microsoft Visual Studio Solution File, Format Version 12.00
# Visual Studio Version 17
VisualStudioVersion = 17.0.31717.71
MinimumVisualStudioVersion = 10.0.40219.1
Project("{9A19103F-16F7-4668-BE54-9A1E7A4F7556}") = "ICAP_Client", "ICAP_Client\ICAP_Client.csproj", "{B11A792C-822A-4721-AF67-FD0C712759EA}"
EndProject
Project("{9A19103F-16F7-4668-BE54-9A1E7A4F7556}") = "ICAP_MarketService", "ICAP_MarketService\ICAP_MarketService.csproj", "{8474A43A-9B57-4136-9C84-C9E441DD862A}"
EndProject
Project("{9A19103F-16F7-4668-BE54-9A1E7A4F7556}") = "ICAP_AccountService", "ICAP_AccountService\ICAP_AccountService.csproj", "{187D067E-F841-4917-87FC-19E1E0B6A214}"
EndProject
Project("{9A19103F-16F7-4668-BE54-9A1E7A4F7556}") = "ICAP_ServiceBus", "ICAP_ServiceBus\ICAP_ServiceBus.csproj", "{4EF3E689-0DD3-412C-8C80-7433A9469F43}"
EndProject
Project("{9A19103F-16F7-4668-BE54-9A1E7A4F7556}") = "ICAP_Infrastructure", "ICAP_Infrastructure\ICAP_Infrastructure.csproj", "{AE00BB6E-44B9-492C-8808-12B0D90D3113}"
EndProject
Project("{9A19103F-16F7-4668-BE54-9A1E7A4F7556}") = "ICAP_RelationService", "ICAP_RelationService\ICAP_RelationService.csproj", "{D9C49325-57F6-4235-B2B1-38E55178EAB3}"
EndProject
Project("{FAE04EC0-301F-11D3-BF4B-00C04F79EFBC}") = "ICAP_AccountService.Specs", "ICAP_AccountService.Specs\ICAP_AccountService.Specs.csproj", "{0307F58C-0276-45E0-A3F9-3EA16B898EED}"
EndProject
Project("{FAE04EC0-301F-11D3-BF4B-00C04F79EFBC}") = "ICAP_Client.Specs", "ICAP_Client.Specs\ICAP_Client.Specs.csproj", "{2AF2B337-85C4-4794-888F-E4484DF4B8B7}"
EndProject
Project("{2150E333-8FDC-42A3-9474-1A3956D46DE8}") = "Testing", "Testing", "{F3215FD0-2647-4B53-B561-AC5D632B404D}"
EndProject
Project("{FAE04EC0-301F-11D3-BF4B-00C04F79EFBC}") = "ICAP_MarketService.Specs", "ICAP_MarketService.Specs\ICAP_MarketService.Specs.csproj", "{B47BDC92-373C-4D06-858F-DDAE5A0E6953}"
EndProject
Project("{FAE04EC0-301F-11D3-BF4B-00C04F79EFBC}") = "ICAP_RelationService.Specs", "ICAP_RelationService.Specs\ICAP_RelationService.Specs.csproj", "{13AC375D-84A4-4EDF-805F-BE86F7148272}"
EndProject
Global
	GlobalSection(SolutionConfigurationPlatforms) = preSolution
		Debug|Any CPU = Debug|Any CPU
		Release|Any CPU = Release|Any CPU
	EndGlobalSection
	GlobalSection(ProjectConfigurationPlatforms) = postSolution
		{B11A792C-822A-4721-AF67-FD0C712759EA}.Debug|Any CPU.ActiveCfg = Debug|Any CPU
		{B11A792C-822A-4721-AF67-FD0C712759EA}.Debug|Any CPU.Build.0 = Debug|Any CPU
		{B11A792C-822A-4721-AF67-FD0C712759EA}.Release|Any CPU.ActiveCfg = Release|Any CPU
		{B11A792C-822A-4721-AF67-FD0C712759EA}.Release|Any CPU.Build.0 = Release|Any CPU
		{8474A43A-9B57-4136-9C84-C9E441DD862A}.Debug|Any CPU.ActiveCfg = Debug|Any CPU
		{8474A43A-9B57-4136-9C84-C9E441DD862A}.Debug|Any CPU.Build.0 = Debug|Any CPU
		{8474A43A-9B57-4136-9C84-C9E441DD862A}.Release|Any CPU.ActiveCfg = Release|Any CPU
		{8474A43A-9B57-4136-9C84-C9E441DD862A}.Release|Any CPU.Build.0 = Release|Any CPU
		{187D067E-F841-4917-87FC-19E1E0B6A214}.Debug|Any CPU.ActiveCfg = Debug|Any CPU
		{187D067E-F841-4917-87FC-19E1E0B6A214}.Debug|Any CPU.Build.0 = Debug|Any CPU
		{187D067E-F841-4917-87FC-19E1E0B6A214}.Release|Any CPU.ActiveCfg = Release|Any CPU
		{187D067E-F841-4917-87FC-19E1E0B6A214}.Release|Any CPU.Build.0 = Release|Any CPU
		{4EF3E689-0DD3-412C-8C80-7433A9469F43}.Debug|Any CPU.ActiveCfg = Debug|Any CPU
		{4EF3E689-0DD3-412C-8C80-7433A9469F43}.Debug|Any CPU.Build.0 = Debug|Any CPU
		{4EF3E689-0DD3-412C-8C80-7433A9469F43}.Release|Any CPU.ActiveCfg = Release|Any CPU
		{4EF3E689-0DD3-412C-8C80-7433A9469F43}.Release|Any CPU.Build.0 = Release|Any CPU
		{AE00BB6E-44B9-492C-8808-12B0D90D3113}.Debug|Any CPU.ActiveCfg = Debug|Any CPU
		{AE00BB6E-44B9-492C-8808-12B0D90D3113}.Debug|Any CPU.Build.0 = Debug|Any CPU
		{AE00BB6E-44B9-492C-8808-12B0D90D3113}.Release|Any CPU.ActiveCfg = Release|Any CPU
		{AE00BB6E-44B9-492C-8808-12B0D90D3113}.Release|Any CPU.Build.0 = Release|Any CPU
		{D9C49325-57F6-4235-B2B1-38E55178EAB3}.Debug|Any CPU.ActiveCfg = Debug|Any CPU
		{D9C49325-57F6-4235-B2B1-38E55178EAB3}.Debug|Any CPU.Build.0 = Debug|Any CPU
		{D9C49325-57F6-4235-B2B1-38E55178EAB3}.Release|Any CPU.ActiveCfg = Release|Any CPU
		{D9C49325-57F6-4235-B2B1-38E55178EAB3}.Release|Any CPU.Build.0 = Release|Any CPU
		{0307F58C-0276-45E0-A3F9-3EA16B898EED}.Debug|Any CPU.ActiveCfg = Debug|Any CPU
		{0307F58C-0276-45E0-A3F9-3EA16B898EED}.Debug|Any CPU.Build.0 = Debug|Any CPU
		{0307F58C-0276-45E0-A3F9-3EA16B898EED}.Release|Any CPU.ActiveCfg = Release|Any CPU
		{0307F58C-0276-45E0-A3F9-3EA16B898EED}.Release|Any CPU.Build.0 = Release|Any CPU
		{2AF2B337-85C4-4794-888F-E4484DF4B8B7}.Debug|Any CPU.ActiveCfg = Debug|Any CPU
		{2AF2B337-85C4-4794-888F-E4484DF4B8B7}.Debug|Any CPU.Build.0 = Debug|Any CPU
		{2AF2B337-85C4-4794-888F-E4484DF4B8B7}.Release|Any CPU.ActiveCfg = Release|Any CPU
		{2AF2B337-85C4-4794-888F-E4484DF4B8B7}.Release|Any CPU.Build.0 = Release|Any CPU
		{B47BDC92-373C-4D06-858F-DDAE5A0E6953}.Debug|Any CPU.ActiveCfg = Debug|Any CPU
		{B47BDC92-373C-4D06-858F-DDAE5A0E6953}.Debug|Any CPU.Build.0 = Debug|Any CPU
		{B47BDC92-373C-4D06-858F-DDAE5A0E6953}.Release|Any CPU.ActiveCfg = Release|Any CPU
		{B47BDC92-373C-4D06-858F-DDAE5A0E6953}.Release|Any CPU.Build.0 = Release|Any CPU
		{13AC375D-84A4-4EDF-805F-BE86F7148272}.Debug|Any CPU.ActiveCfg = Debug|Any CPU
		{13AC375D-84A4-4EDF-805F-BE86F7148272}.Debug|Any CPU.Build.0 = Debug|Any CPU
		{13AC375D-84A4-4EDF-805F-BE86F7148272}.Release|Any CPU.ActiveCfg = Release|Any CPU
		{13AC375D-84A4-4EDF-805F-BE86F7148272}.Release|Any CPU.Build.0 = Release|Any CPU
	EndGlobalSection
	GlobalSection(SolutionProperties) = preSolution
		HideSolutionNode = FALSE
	EndGlobalSection
	GlobalSection(NestedProjects) = preSolution
		{0307F58C-0276-45E0-A3F9-3EA16B898EED} = {F3215FD0-2647-4B53-B561-AC5D632B404D}
		{2AF2B337-85C4-4794-888F-E4484DF4B8B7} = {F3215FD0-2647-4B53-B561-AC5D632B404D}
		{B47BDC92-373C-4D06-858F-DDAE5A0E6953} = {F3215FD0-2647-4B53-B561-AC5D632B404D}
		{13AC375D-84A4-4EDF-805F-BE86F7148272} = {F3215FD0-2647-4B53-B561-AC5D632B404D}
	EndGlobalSection
	GlobalSection(ExtensibilityGlobals) = postSolution
		SolutionGuid = {166ED825-FBF3-403E-8FB3-C16E60DDFD78}
	EndGlobalSection
EndGlobal
