Microsoft Visual Studio Solution File, Format Version 12.00
# Visual Studio Version 17
VisualStudioVersion = 17.0.31717.71
MinimumVisualStudioVersion = 10.0.40219.1
Project("{9A19103F-16F7-4668-BE54-9A1E7A4F7556}") = "ICAP_Client", "ICAP_Client\ICAP_Client.csproj", "{B11A792C-822A-4721-AF67-FD0C712759EA}"
EndProject
Project("{9A19103F-16F7-4668-BE54-9A1E7A4F7556}") = "ICAP_MarketService", "ICAP_MarketService\ICAP_MarketService.csproj", "{8474A43A-9B57-4136-9C84-C9E441DD862A}"
EndProject
Project("{9A19103F-16F7-4668-BE54-9A1E7A4F7556}") = "ICAP_AccountService", "ICAP_AccountService\ICAP_AccountService.csproj", "{187D067E-F841-4917-87FC-19E1E0B6A214}"
EndProject
Project("{9A19103F-16F7-4668-BE54-9A1E7A4F7556}") = "ICAP_Infrastructure", "ICAP_Infrastructure\ICAP_Infrastructure.csproj", "{AE00BB6E-44B9-492C-8808-12B0D90D3113}"
EndProject
Project("{9A19103F-16F7-4668-BE54-9A1E7A4F7556}") = "ICAP_RelationService", "ICAP_RelationService\ICAP_RelationService.csproj", "{D9C49325-57F6-4235-B2B1-38E55178EAB3}"
EndProject
Project("{2150E333-8FDC-42A3-9474-1A3956D46DE8}") = "Testing", "Testing", "{F3215FD0-2647-4B53-B561-AC5D632B404D}"
EndProject
Project("{9A19103F-16F7-4668-BE54-9A1E7A4F7556}") = "ICAP_MarketService.Tests", "ICAP_MarketService.Tests\ICAP_MarketService.Tests.csproj", "{D2700E82-0A6F-4E74-A47F-9F642564F8B7}"
EndProject
Project("{9A19103F-16F7-4668-BE54-9A1E7A4F7556}") = "ICAP_AccountService.Specs", "ICAP_AccountService.Specs\ICAP_AccountService.Specs.csproj", "{899B1974-D568-42D3-A357-B9B1F0153A98}"
EndProject
Project("{9A19103F-16F7-4668-BE54-9A1E7A4F7556}") = "ICAP_Playwright.Tests", "ICAP_Playwright.Tests\ICAP_Playwright.Tests.csproj", "{5A8C5844-58B9-427F-AA7F-A7C981EB3E87}"
EndProject
Global
	GlobalSection(SolutionConfigurationPlatforms) = preSolution
		Debug|Any CPU = Debug|Any CPU
		Release|Any CPU = Release|Any CPU
	EndGlobalSection
	GlobalSection(ProjectConfigurationPlatforms) = postSolution
		{B11A792C-822A-4721-AF67-FD0C712759EA}.Debug|Any CPU.ActiveCfg = Debug|Any CPU
		{B11A792C-822A-4721-AF67-FD0C712759EA}.Debug|Any CPU.Build.0 = Debug|Any CPU
		{B11A792C-822A-4721-AF67-FD0C712759EA}.Release|Any CPU.ActiveCfg = Release|Any CPU
		{B11A792C-822A-4721-AF67-FD0C712759EA}.Release|Any CPU.Build.0 = Release|Any CPU
		{8474A43A-9B57-4136-9C84-C9E441DD862A}.Debug|Any CPU.ActiveCfg = Debug|Any CPU
		{8474A43A-9B57-4136-9C84-C9E441DD862A}.Debug|Any CPU.Build.0 = Debug|Any CPU
		{8474A43A-9B57-4136-9C84-C9E441DD862A}.Release|Any CPU.ActiveCfg = Release|Any CPU
		{8474A43A-9B57-4136-9C84-C9E441DD862A}.Release|Any CPU.Build.0 = Release|Any CPU
		{187D067E-F841-4917-87FC-19E1E0B6A214}.Debug|Any CPU.ActiveCfg = Debug|Any CPU
		{187D067E-F841-4917-87FC-19E1E0B6A214}.Debug|Any CPU.Build.0 = Debug|Any CPU
		{187D067E-F841-4917-87FC-19E1E0B6A214}.Release|Any CPU.ActiveCfg = Release|Any CPU
		{187D067E-F841-4917-87FC-19E1E0B6A214}.Release|Any CPU.Build.0 = Release|Any CPU
		{AE00BB6E-44B9-492C-8808-12B0D90D3113}.Debug|Any CPU.ActiveCfg = Debug|Any CPU
		{AE00BB6E-44B9-492C-8808-12B0D90D3113}.Debug|Any CPU.Build.0 = Debug|Any CPU
		{AE00BB6E-44B9-492C-8808-12B0D90D3113}.Release|Any CPU.ActiveCfg = Release|Any CPU
		{AE00BB6E-44B9-492C-8808-12B0D90D3113}.Release|Any CPU.Build.0 = Release|Any CPU
		{D9C49325-57F6-4235-B2B1-38E55178EAB3}.Debug|Any CPU.ActiveCfg = Debug|Any CPU
		{D9C49325-57F6-4235-B2B1-38E55178EAB3}.Debug|Any CPU.Build.0 = Debug|Any CPU
		{D9C49325-57F6-4235-B2B1-38E55178EAB3}.Release|Any CPU.ActiveCfg = Release|Any CPU
		{D9C49325-57F6-4235-B2B1-38E55178EAB3}.Release|Any CPU.Build.0 = Release|Any CPU
		{D2700E82-0A6F-4E74-A47F-9F642564F8B7}.Debug|Any CPU.ActiveCfg = Debug|Any CPU
		{D2700E82-0A6F-4E74-A47F-9F642564F8B7}.Debug|Any CPU.Build.0 = Debug|Any CPU
		{D2700E82-0A6F-4E74-A47F-9F642564F8B7}.Release|Any CPU.ActiveCfg = Release|Any CPU
		{D2700E82-0A6F-4E74-A47F-9F642564F8B7}.Release|Any CPU.Build.0 = Release|Any CPU
		{899B1974-D568-42D3-A357-B9B1F0153A98}.Debug|Any CPU.ActiveCfg = Debug|Any CPU
		{899B1974-D568-42D3-A357-B9B1F0153A98}.Debug|Any CPU.Build.0 = Debug|Any CPU
		{899B1974-D568-42D3-A357-B9B1F0153A98}.Release|Any CPU.ActiveCfg = Release|Any CPU
		{899B1974-D568-42D3-A357-B9B1F0153A98}.Release|Any CPU.Build.0 = Release|Any CPU
		{5A8C5844-58B9-427F-AA7F-A7C981EB3E87}.Debug|Any CPU.ActiveCfg = Debug|Any CPU
		{5A8C5844-58B9-427F-AA7F-A7C981EB3E87}.Debug|Any CPU.Build.0 = Debug|Any CPU
		{5A8C5844-58B9-427F-AA7F-A7C981EB3E87}.Release|Any CPU.ActiveCfg = Release|Any CPU
		{5A8C5844-58B9-427F-AA7F-A7C981EB3E87}.Release|Any CPU.Build.0 = Release|Any CPU
	EndGlobalSection
	GlobalSection(SolutionProperties) = preSolution
		HideSolutionNode = FALSE
	EndGlobalSection
	GlobalSection(NestedProjects) = preSolution
		{D2700E82-0A6F-4E74-A47F-9F642564F8B7} = {F3215FD0-2647-4B53-B561-AC5D632B404D}
		{899B1974-D568-42D3-A357-B9B1F0153A98} = {F3215FD0-2647-4B53-B561-AC5D632B404D}
		{5A8C5844-58B9-427F-AA7F-A7C981EB3E87} = {F3215FD0-2647-4B53-B561-AC5D632B404D}
	EndGlobalSection
	GlobalSection(ExtensibilityGlobals) = postSolution
		SolutionGuid = {166ED825-FBF3-403E-8FB3-C16E60DDFD78}
	EndGlobalSection
EndGlobal
