Microsoft Visual Studio Solution File, Format Version 12.00
# Visual Studio Version 17
VisualStudioVersion = 17.0.31717.71
MinimumVisualStudioVersion = 10.0.40219.1
Project("{9A19103F-16F7-4668-BE54-9A1E7A4F7556}") = "ICAP_Client", "ICAP_Client\ICAP_Client.csproj", "{B11A792C-822A-4721-AF67-FD0C712759EA}"
EndProject
Project("{9A19103F-16F7-4668-BE54-9A1E7A4F7556}") = "ICAP_MarketService", "ICAP_MarketService\ICAP_MarketService.csproj", "{8474A43A-9B57-4136-9C84-C9E441DD862A}"
EndProject
Project("{FAE04EC0-301F-11D3-BF4B-00C04F79EFBC}") = "ICAP_AccountService", "ICAP_AccountService\ICAP_AccountService.csproj", "{187D067E-F841-4917-87FC-19E1E0B6A214}"
EndProject
Project("{FAE04EC0-301F-11D3-BF4B-00C04F79EFBC}") = "ICAP_ServiceBus", "ICAP_ServiceBus\ICAP_ServiceBus.csproj", "{4EF3E689-0DD3-412C-8C80-7433A9469F43}"
EndProject
Project("{FAE04EC0-301F-11D3-BF4B-00C04F79EFBC}") = "ICAP_FriendService", "ICAP_FriendService\ICAP_FriendService.csproj", "{10C4776A-C406-4EAB-93FD-E61CDB1D3064}"
EndProject
Global
	GlobalSection(SolutionConfigurationPlatforms) = preSolution
		Debug|Any CPU = Debug|Any CPU
		Release|Any CPU = Release|Any CPU
	EndGlobalSection
	GlobalSection(ProjectConfigurationPlatforms) = postSolution
		{B11A792C-822A-4721-AF67-FD0C712759EA}.Debug|Any CPU.ActiveCfg = Debug|Any CPU
		{B11A792C-822A-4721-AF67-FD0C712759EA}.Debug|Any CPU.Build.0 = Debug|Any CPU
		{B11A792C-822A-4721-AF67-FD0C712759EA}.Release|Any CPU.ActiveCfg = Release|Any CPU
		{B11A792C-822A-4721-AF67-FD0C712759EA}.Release|Any CPU.Build.0 = Release|Any CPU
		{8474A43A-9B57-4136-9C84-C9E441DD862A}.Debug|Any CPU.ActiveCfg = Debug|Any CPU
		{8474A43A-9B57-4136-9C84-C9E441DD862A}.Debug|Any CPU.Build.0 = Debug|Any CPU
		{8474A43A-9B57-4136-9C84-C9E441DD862A}.Release|Any CPU.ActiveCfg = Release|Any CPU
		{8474A43A-9B57-4136-9C84-C9E441DD862A}.Release|Any CPU.Build.0 = Release|Any CPU
		{187D067E-F841-4917-87FC-19E1E0B6A214}.Debug|Any CPU.ActiveCfg = Debug|Any CPU
		{187D067E-F841-4917-87FC-19E1E0B6A214}.Debug|Any CPU.Build.0 = Debug|Any CPU
		{187D067E-F841-4917-87FC-19E1E0B6A214}.Release|Any CPU.ActiveCfg = Release|Any CPU
		{187D067E-F841-4917-87FC-19E1E0B6A214}.Release|Any CPU.Build.0 = Release|Any CPU
		{4EF3E689-0DD3-412C-8C80-7433A9469F43}.Debug|Any CPU.ActiveCfg = Debug|Any CPU
		{4EF3E689-0DD3-412C-8C80-7433A9469F43}.Debug|Any CPU.Build.0 = Debug|Any CPU
		{4EF3E689-0DD3-412C-8C80-7433A9469F43}.Release|Any CPU.ActiveCfg = Release|Any CPU
		{4EF3E689-0DD3-412C-8C80-7433A9469F43}.Release|Any CPU.Build.0 = Release|Any CPU
		{10C4776A-C406-4EAB-93FD-E61CDB1D3064}.Debug|Any CPU.ActiveCfg = Debug|Any CPU
		{10C4776A-C406-4EAB-93FD-E61CDB1D3064}.Debug|Any CPU.Build.0 = Debug|Any CPU
		{10C4776A-C406-4EAB-93FD-E61CDB1D3064}.Release|Any CPU.ActiveCfg = Release|Any CPU
		{10C4776A-C406-4EAB-93FD-E61CDB1D3064}.Release|Any CPU.Build.0 = Release|Any CPU
	EndGlobalSection
	GlobalSection(SolutionProperties) = preSolution
		HideSolutionNode = FALSE
	EndGlobalSection
	GlobalSection(ExtensibilityGlobals) = postSolution
		SolutionGuid = {166ED825-FBF3-403E-8FB3-C16E60DDFD78}
	EndGlobalSection
EndGlobal
